
Microsoft Visual Studio Solution File, Format Version 12.00
# Visual Studio 2012
Project("{FAE04EC0-301F-11D3-BF4B-00C04F79EFBC}") = "StakeholderManagement", "StakeholderManagement\StakeholderManagement.csproj", "{5C5A04BC-82C1-402B-849A-FDB4D24BB06D}"
EndProject
Project("{FAE04EC0-301F-11D3-BF4B-00C04F79EFBC}") = "DALCSCL", "DALCSCL\DALCSCL.csproj", "{16E679C6-9560-45E2-8761-101A9FBA29A3}"
EndProject
Project("{FAE04EC0-301F-11D3-BF4B-00C04F79EFBC}") = "BLLRMS", "BLLRMS\BLLRMS.csproj", "{AAD86CE6-C627-45C1-B021-FDFC036D9C3B}"
EndProject
Project("{FAE04EC0-301F-11D3-BF4B-00C04F79EFBC}") = "Reports", "Reports\Reports.csproj", "{D0929E00-E402-492E-8A5A-8C1CCD7C2719}"
EndProject
Global
	GlobalSection(SolutionConfigurationPlatforms) = preSolution
		Debug|Any CPU = Debug|Any CPU
		Debug|ARM = Debug|ARM
		Debug|ARM64 = Debug|ARM64
		Debug|x64 = Debug|x64
		Debug|x86 = Debug|x86
		Release|Any CPU = Release|Any CPU
		Release|ARM = Release|ARM
		Release|ARM64 = Release|ARM64
		Release|x64 = Release|x64
		Release|x86 = Release|x86
	EndGlobalSection
	GlobalSection(ProjectConfigurationPlatforms) = postSolution
		{5C5A04BC-82C1-402B-849A-FDB4D24BB06D}.Debug|Any CPU.ActiveCfg = Debug|Any CPU
		{5C5A04BC-82C1-402B-849A-FDB4D24BB06D}.Debug|Any CPU.Build.0 = Debug|Any CPU
		{5C5A04BC-82C1-402B-849A-FDB4D24BB06D}.Debug|ARM.ActiveCfg = Debug|Any CPU
		{5C5A04BC-82C1-402B-849A-FDB4D24BB06D}.Debug|ARM.Build.0 = Debug|Any CPU
		{5C5A04BC-82C1-402B-849A-FDB4D24BB06D}.Debug|ARM64.ActiveCfg = Debug|Any CPU
		{5C5A04BC-82C1-402B-849A-FDB4D24BB06D}.Debug|ARM64.Build.0 = Debug|Any CPU
		{5C5A04BC-82C1-402B-849A-FDB4D24BB06D}.Debug|x64.ActiveCfg = Debug|Any CPU
		{5C5A04BC-82C1-402B-849A-FDB4D24BB06D}.Debug|x64.Build.0 = Debug|Any CPU
		{5C5A04BC-82C1-402B-849A-FDB4D24BB06D}.Debug|x86.ActiveCfg = Debug|Any CPU
		{5C5A04BC-82C1-402B-849A-FDB4D24BB06D}.Debug|x86.Build.0 = Debug|Any CPU
		{5C5A04BC-82C1-402B-849A-FDB4D24BB06D}.Release|Any CPU.ActiveCfg = Release|Any CPU
		{5C5A04BC-82C1-402B-849A-FDB4D24BB06D}.Release|Any CPU.Build.0 = Release|Any CPU
		{5C5A04BC-82C1-402B-849A-FDB4D24BB06D}.Release|ARM.ActiveCfg = Release|Any CPU
		{5C5A04BC-82C1-402B-849A-FDB4D24BB06D}.Release|ARM.Build.0 = Release|Any CPU
		{5C5A04BC-82C1-402B-849A-FDB4D24BB06D}.Release|ARM64.ActiveCfg = Release|Any CPU
		{5C5A04BC-82C1-402B-849A-FDB4D24BB06D}.Release|ARM64.Build.0 = Release|Any CPU
		{5C5A04BC-82C1-402B-849A-FDB4D24BB06D}.Release|x64.ActiveCfg = Release|Any CPU
		{5C5A04BC-82C1-402B-849A-FDB4D24BB06D}.Release|x64.Build.0 = Release|Any CPU
		{5C5A04BC-82C1-402B-849A-FDB4D24BB06D}.Release|x86.ActiveCfg = Release|Any CPU
		{5C5A04BC-82C1-402B-849A-FDB4D24BB06D}.Release|x86.Build.0 = Release|Any CPU
		{16E679C6-9560-45E2-8761-101A9FBA29A3}.Debug|Any CPU.ActiveCfg = Debug|Any CPU
		{16E679C6-9560-45E2-8761-101A9FBA29A3}.Debug|Any CPU.Build.0 = Debug|Any CPU
		{16E679C6-9560-45E2-8761-101A9FBA29A3}.Debug|ARM.ActiveCfg = Debug|Any CPU
		{16E679C6-9560-45E2-8761-101A9FBA29A3}.Debug|ARM.Build.0 = Debug|Any CPU
		{16E679C6-9560-45E2-8761-101A9FBA29A3}.Debug|ARM64.ActiveCfg = Debug|Any CPU
		{16E679C6-9560-45E2-8761-101A9FBA29A3}.Debug|ARM64.Build.0 = Debug|Any CPU
		{16E679C6-9560-45E2-8761-101A9FBA29A3}.Debug|x64.ActiveCfg = Debug|Any CPU
		{16E679C6-9560-45E2-8761-101A9FBA29A3}.Debug|x64.Build.0 = Debug|Any CPU
		{16E679C6-9560-45E2-8761-101A9FBA29A3}.Debug|x86.ActiveCfg = Debug|Any CPU
		{16E679C6-9560-45E2-8761-101A9FBA29A3}.Debug|x86.Build.0 = Debug|Any CPU
		{16E679C6-9560-45E2-8761-101A9FBA29A3}.Release|Any CPU.ActiveCfg = Release|Any CPU
		{16E679C6-9560-45E2-8761-101A9FBA29A3}.Release|Any CPU.Build.0 = Release|Any CPU
		{16E679C6-9560-45E2-8761-101A9FBA29A3}.Release|ARM.ActiveCfg = Release|Any CPU
		{16E679C6-9560-45E2-8761-101A9FBA29A3}.Release|ARM.Build.0 = Release|Any CPU
		{16E679C6-9560-45E2-8761-101A9FBA29A3}.Release|ARM64.ActiveCfg = Release|Any CPU
		{16E679C6-9560-45E2-8761-101A9FBA29A3}.Release|ARM64.Build.0 = Release|Any CPU
		{16E679C6-9560-45E2-8761-101A9FBA29A3}.Release|x64.ActiveCfg = Release|Any CPU
		{16E679C6-9560-45E2-8761-101A9FBA29A3}.Release|x64.Build.0 = Release|Any CPU
		{16E679C6-9560-45E2-8761-101A9FBA29A3}.Release|x86.ActiveCfg = Release|Any CPU
		{16E679C6-9560-45E2-8761-101A9FBA29A3}.Release|x86.Build.0 = Release|Any CPU
		{AAD86CE6-C627-45C1-B021-FDFC036D9C3B}.Debug|Any CPU.ActiveCfg = Debug|Any CPU
		{AAD86CE6-C627-45C1-B021-FDFC036D9C3B}.Debug|Any CPU.Build.0 = Debug|Any CPU
		{AAD86CE6-C627-45C1-B021-FDFC036D9C3B}.Debug|ARM.ActiveCfg = Debug|Any CPU
		{AAD86CE6-C627-45C1-B021-FDFC036D9C3B}.Debug|ARM.Build.0 = Debug|Any CPU
		{AAD86CE6-C627-45C1-B021-FDFC036D9C3B}.Debug|ARM64.ActiveCfg = Debug|Any CPU
		{AAD86CE6-C627-45C1-B021-FDFC036D9C3B}.Debug|ARM64.Build.0 = Debug|Any CPU
		{AAD86CE6-C627-45C1-B021-FDFC036D9C3B}.Debug|x64.ActiveCfg = Debug|Any CPU
		{AAD86CE6-C627-45C1-B021-FDFC036D9C3B}.Debug|x64.Build.0 = Debug|Any CPU
		{AAD86CE6-C627-45C1-B021-FDFC036D9C3B}.Debug|x86.ActiveCfg = Debug|Any CPU
		{AAD86CE6-C627-45C1-B021-FDFC036D9C3B}.Debug|x86.Build.0 = Debug|Any CPU
		{AAD86CE6-C627-45C1-B021-FDFC036D9C3B}.Release|Any CPU.ActiveCfg = Release|Any CPU
		{AAD86CE6-C627-45C1-B021-FDFC036D9C3B}.Release|Any CPU.Build.0 = Release|Any CPU
		{AAD86CE6-C627-45C1-B021-FDFC036D9C3B}.Release|ARM.ActiveCfg = Release|Any CPU
		{AAD86CE6-C627-45C1-B021-FDFC036D9C3B}.Release|ARM.Build.0 = Release|Any CPU
		{AAD86CE6-C627-45C1-B021-FDFC036D9C3B}.Release|ARM64.ActiveCfg = Release|Any CPU
		{AAD86CE6-C627-45C1-B021-FDFC036D9C3B}.Release|ARM64.Build.0 = Release|Any CPU
		{AAD86CE6-C627-45C1-B021-FDFC036D9C3B}.Release|x64.ActiveCfg = Release|Any CPU
		{AAD86CE6-C627-45C1-B021-FDFC036D9C3B}.Release|x64.Build.0 = Release|Any CPU
		{AAD86CE6-C627-45C1-B021-FDFC036D9C3B}.Release|x86.ActiveCfg = Release|Any CPU
		{AAD86CE6-C627-45C1-B021-FDFC036D9C3B}.Release|x86.Build.0 = Release|Any CPU
		{D0929E00-E402-492E-8A5A-8C1CCD7C2719}.Debug|Any CPU.ActiveCfg = Debug|Any CPU
		{D0929E00-E402-492E-8A5A-8C1CCD7C2719}.Debug|Any CPU.Build.0 = Debug|Any CPU
		{D0929E00-E402-492E-8A5A-8C1CCD7C2719}.Debug|ARM.ActiveCfg = Debug|Any CPU
		{D0929E00-E402-492E-8A5A-8C1CCD7C2719}.Debug|ARM64.ActiveCfg = Debug|Any CPU
		{D0929E00-E402-492E-8A5A-8C1CCD7C2719}.Debug|x64.ActiveCfg = Debug|Any CPU
		{D0929E00-E402-492E-8A5A-8C1CCD7C2719}.Debug|x86.ActiveCfg = Debug|Any CPU
		{D0929E00-E402-492E-8A5A-8C1CCD7C2719}.Release|Any CPU.ActiveCfg = Release|Any CPU
		{D0929E00-E402-492E-8A5A-8C1CCD7C2719}.Release|Any CPU.Build.0 = Release|Any CPU
		{D0929E00-E402-492E-8A5A-8C1CCD7C2719}.Release|ARM.ActiveCfg = Release|Any CPU
		{D0929E00-E402-492E-8A5A-8C1CCD7C2719}.Release|ARM64.ActiveCfg = Release|Any CPU
		{D0929E00-E402-492E-8A5A-8C1CCD7C2719}.Release|x64.ActiveCfg = Release|Any CPU
		{D0929E00-E402-492E-8A5A-8C1CCD7C2719}.Release|x86.ActiveCfg = Release|Any CPU
	EndGlobalSection
	GlobalSection(SolutionProperties) = preSolution
		HideSolutionNode = FALSE
	EndGlobalSection
	GlobalSection(ExtensibilityGlobals) = postSolution
		SolutionGuid = {738A890B-1C4F-45C4-AE44-0483344B94AA}
	EndGlobalSection
EndGlobal
